
Microsoft Visual Studio Solution File, Format Version 12.00
# Visual Studio Version 17
VisualStudioVersion = 17.3.32901.215
MinimumVisualStudioVersion = 10.0.40219.1
Project("{FAE04EC0-301F-11D3-BF4B-00C04F79EFBC}") = "ApiOnLambda", "ApiOnLambda\ApiOnLambda.csproj", "{FC2A4149-4622-4C31-9832-C1CF9F538C67}"
EndProject
Global
	GlobalSection(SolutionConfigurationPlatforms) = preSolution
		Debug|Any CPU = Debug|Any CPU
		Release|Any CPU = Release|Any CPU
	EndGlobalSection
	GlobalSection(ProjectConfigurationPlatforms) = postSolution
		{FC2A4149-4622-4C31-9832-C1CF9F538C67}.Debug|Any CPU.ActiveCfg = Debug|Any CPU
		{FC2A4149-4622-4C31-9832-C1CF9F538C67}.Debug|Any CPU.Build.0 = Debug|Any CPU
		{FC2A4149-4622-4C31-9832-C1CF9F538C67}.Release|Any CPU.ActiveCfg = Release|Any CPU
		{FC2A4149-4622-4C31-9832-C1CF9F538C67}.Release|Any CPU.Build.0 = Release|Any CPU
	EndGlobalSection
	GlobalSection(SolutionProperties) = preSolution
		HideSolutionNode = FALSE
	EndGlobalSection
	GlobalSection(ExtensibilityGlobals) = postSolution
		SolutionGuid = {ECB7A4D9-2F3C-496D-81CB-C782B0C3EBEA}
	EndGlobalSection
EndGlobal
