
Microsoft Visual Studio Solution File, Format Version 12.00
# Visual Studio Version 17
VisualStudioVersion = 17.10.35027.167
MinimumVisualStudioVersion = 10.0.40219.1
Project("{9A19103F-16F7-4668-BE54-9A1E7A4F7556}") = "hello-dotnet8-lambda", "hello-dotnet8-lambda\hello-dotnet8-lambda.csproj", "{D6B611A2-AF83-467B-91DE-2E697075259D}"
EndProject
Project("{9A19103F-16F7-4668-BE54-9A1E7A4F7556}") = "hello-dotnet8-lambda-aot", "hello-dotnet8-lambda-aot\hello-dotnet8-lambda-aot.csproj", "{4F513EAA-9657-448F-B833-A2D59ADE03D8}"
EndProject
Global
	GlobalSection(SolutionConfigurationPlatforms) = preSolution
		Debug|Any CPU = Debug|Any CPU
		Release|Any CPU = Release|Any CPU
	EndGlobalSection
	GlobalSection(ProjectConfigurationPlatforms) = postSolution
		{D6B611A2-AF83-467B-91DE-2E697075259D}.Debug|Any CPU.ActiveCfg = Debug|Any CPU
		{D6B611A2-AF83-467B-91DE-2E697075259D}.Debug|Any CPU.Build.0 = Debug|Any CPU
		{D6B611A2-AF83-467B-91DE-2E697075259D}.Release|Any CPU.ActiveCfg = Release|Any CPU
		{D6B611A2-AF83-467B-91DE-2E697075259D}.Release|Any CPU.Build.0 = Release|Any CPU
		{4F513EAA-9657-448F-B833-A2D59ADE03D8}.Debug|Any CPU.ActiveCfg = Debug|Any CPU
		{4F513EAA-9657-448F-B833-A2D59ADE03D8}.Debug|Any CPU.Build.0 = Debug|Any CPU
		{4F513EAA-9657-448F-B833-A2D59ADE03D8}.Release|Any CPU.ActiveCfg = Release|Any CPU
		{4F513EAA-9657-448F-B833-A2D59ADE03D8}.Release|Any CPU.Build.0 = Release|Any CPU
	EndGlobalSection
	GlobalSection(SolutionProperties) = preSolution
		HideSolutionNode = FALSE
	EndGlobalSection
	GlobalSection(ExtensibilityGlobals) = postSolution
		SolutionGuid = {4F8533A6-11B6-4654-9AA5-F7CFADF2A290}
	EndGlobalSection
EndGlobal
