
Microsoft Visual Studio Solution File, Format Version 12.00
Project("{FAE04EC0-301F-11D3-BF4B-00C04F79EFBC}") = "cancellation-token-api", "cancellation-token-api\cancellation-token-api.csproj", "{4F053417-877B-48EF-96E5-ACA996CFB711}"
EndProject
Project("{FAE04EC0-301F-11D3-BF4B-00C04F79EFBC}") = "cancellation-token-example", "cancellation-token-example\cancellation-token-example.csproj", "{FEE99713-6974-473D-B5F4-9FDBDDFFF4D6}"
EndProject
Project("{2150E333-8FDC-42A3-9474-1A3956D46DE8}") = "UI", "UI", "{33E8FC24-A8CD-4532-B8AD-308DA654F970}"
	ProjectSection(SolutionItems) = preProject
		upload-video-sample.html = upload-video-sample.html
	EndProjectSection
EndProject
Global
	GlobalSection(SolutionConfigurationPlatforms) = preSolution
		Debug|Any CPU = Debug|Any CPU
		Release|Any CPU = Release|Any CPU
	EndGlobalSection
	GlobalSection(ProjectConfigurationPlatforms) = postSolution
		{4F053417-877B-48EF-96E5-ACA996CFB711}.Debug|Any CPU.ActiveCfg = Debug|Any CPU
		{4F053417-877B-48EF-96E5-ACA996CFB711}.Debug|Any CPU.Build.0 = Debug|Any CPU
		{4F053417-877B-48EF-96E5-ACA996CFB711}.Release|Any CPU.ActiveCfg = Release|Any CPU
		{4F053417-877B-48EF-96E5-ACA996CFB711}.Release|Any CPU.Build.0 = Release|Any CPU
		{FEE99713-6974-473D-B5F4-9FDBDDFFF4D6}.Debug|Any CPU.ActiveCfg = Debug|Any CPU
		{FEE99713-6974-473D-B5F4-9FDBDDFFF4D6}.Debug|Any CPU.Build.0 = Debug|Any CPU
		{FEE99713-6974-473D-B5F4-9FDBDDFFF4D6}.Release|Any CPU.ActiveCfg = Release|Any CPU
		{FEE99713-6974-473D-B5F4-9FDBDDFFF4D6}.Release|Any CPU.Build.0 = Release|Any CPU
	EndGlobalSection
EndGlobal
