
Microsoft Visual Studio Solution File, Format Version 12.00
Project("{FAE04EC0-301F-11D3-BF4B-00C04F79EFBC}") = "dynamodb-transactions", "dynamodb-transactions\dynamodb-transactions.csproj", "{8366753A-42E6-45CA-BF43-495CA6C959DC}"
EndProject
Global
	GlobalSection(SolutionConfigurationPlatforms) = preSolution
		Debug|Any CPU = Debug|Any CPU
		Release|Any CPU = Release|Any CPU
	EndGlobalSection
	GlobalSection(ProjectConfigurationPlatforms) = postSolution
		{8366753A-42E6-45CA-BF43-495CA6C959DC}.Debug|Any CPU.ActiveCfg = Debug|Any CPU
		{8366753A-42E6-45CA-BF43-495CA6C959DC}.Debug|Any CPU.Build.0 = Debug|Any CPU
		{8366753A-42E6-45CA-BF43-495CA6C959DC}.Release|Any CPU.ActiveCfg = Release|Any CPU
		{8366753A-42E6-45CA-BF43-495CA6C959DC}.Release|Any CPU.Build.0 = Release|Any CPU
	EndGlobalSection
EndGlobal
