
Microsoft Visual Studio Solution File, Format Version 12.00
# Visual Studio Version 17
VisualStudioVersion = 17.14.36518.9 d17.14
MinimumVisualStudioVersion = 10.0.40219.1
Project("{FAE04EC0-301F-11D3-BF4B-00C04F79EFBC}") = "lambda-json-logging", "lambda-json-logging\lambda-json-logging.csproj", "{4FA8343C-19C1-228B-227D-097B118A7D8C}"
EndProject
Global
	GlobalSection(SolutionConfigurationPlatforms) = preSolution
		Debug|Any CPU = Debug|Any CPU
		Release|Any CPU = Release|Any CPU
	EndGlobalSection
	GlobalSection(ProjectConfigurationPlatforms) = postSolution
		{4FA8343C-19C1-228B-227D-097B118A7D8C}.Debug|Any CPU.ActiveCfg = Debug|Any CPU
		{4FA8343C-19C1-228B-227D-097B118A7D8C}.Debug|Any CPU.Build.0 = Debug|Any CPU
		{4FA8343C-19C1-228B-227D-097B118A7D8C}.Release|Any CPU.ActiveCfg = Release|Any CPU
		{4FA8343C-19C1-228B-227D-097B118A7D8C}.Release|Any CPU.Build.0 = Release|Any CPU
	EndGlobalSection
	GlobalSection(SolutionProperties) = preSolution
		HideSolutionNode = FALSE
	EndGlobalSection
	GlobalSection(ExtensibilityGlobals) = postSolution
		SolutionGuid = {CBDD15A8-8693-4213-873C-96BE2BE874D7}
	EndGlobalSection
EndGlobal
