
Microsoft Visual Studio Solution File, Format Version 12.00
# Visual Studio Version 17
VisualStudioVersion = 17.5.33627.172
MinimumVisualStudioVersion = 10.0.40219.1
Project("{9A19103F-16F7-4668-BE54-9A1E7A4F7556}") = "LambdaAnnotationSample.BeforeAnnotations", "LambdaAnnotationSample.BeforeAnnotations\LambdaAnnotationSample.BeforeAnnotations.csproj", "{8687E20B-8D33-42DC-B4AD-679EC99EDEB8}"
EndProject
Project("{9A19103F-16F7-4668-BE54-9A1E7A4F7556}") = "LambdaAnnotationSample.FromScratch", "LambdaAnnotationSample.FromScratch\LambdaAnnotationSample.FromScratch.csproj", "{D180DBF9-9F8F-45B0-A3B3-7DEE3EC285AE}"
EndProject
Project("{9A19103F-16F7-4668-BE54-9A1E7A4F7556}") = "LambdaAnnotationSample.OrderApi", "LambdaAnnotationSample.OrderApi\LambdaAnnotationSample.OrderApi.csproj", "{43638D9F-4DC5-46A2-B519-D494525EC05E}"
EndProject
Global
	GlobalSection(SolutionConfigurationPlatforms) = preSolution
		Debug|Any CPU = Debug|Any CPU
		Release|Any CPU = Release|Any CPU
	EndGlobalSection
	GlobalSection(ProjectConfigurationPlatforms) = postSolution
		{8687E20B-8D33-42DC-B4AD-679EC99EDEB8}.Debug|Any CPU.ActiveCfg = Debug|Any CPU
		{8687E20B-8D33-42DC-B4AD-679EC99EDEB8}.Debug|Any CPU.Build.0 = Debug|Any CPU
		{8687E20B-8D33-42DC-B4AD-679EC99EDEB8}.Release|Any CPU.ActiveCfg = Release|Any CPU
		{8687E20B-8D33-42DC-B4AD-679EC99EDEB8}.Release|Any CPU.Build.0 = Release|Any CPU
		{D180DBF9-9F8F-45B0-A3B3-7DEE3EC285AE}.Debug|Any CPU.ActiveCfg = Debug|Any CPU
		{D180DBF9-9F8F-45B0-A3B3-7DEE3EC285AE}.Debug|Any CPU.Build.0 = Debug|Any CPU
		{D180DBF9-9F8F-45B0-A3B3-7DEE3EC285AE}.Release|Any CPU.ActiveCfg = Release|Any CPU
		{D180DBF9-9F8F-45B0-A3B3-7DEE3EC285AE}.Release|Any CPU.Build.0 = Release|Any CPU
		{43638D9F-4DC5-46A2-B519-D494525EC05E}.Debug|Any CPU.ActiveCfg = Debug|Any CPU
		{43638D9F-4DC5-46A2-B519-D494525EC05E}.Debug|Any CPU.Build.0 = Debug|Any CPU
		{43638D9F-4DC5-46A2-B519-D494525EC05E}.Release|Any CPU.ActiveCfg = Release|Any CPU
		{43638D9F-4DC5-46A2-B519-D494525EC05E}.Release|Any CPU.Build.0 = Release|Any CPU
	EndGlobalSection
	GlobalSection(SolutionProperties) = preSolution
		HideSolutionNode = FALSE
	EndGlobalSection
EndGlobal
