
Microsoft Visual Studio Solution File, Format Version 12.00
# Visual Studio Version 17
VisualStudioVersion = 17.10.35027.167
MinimumVisualStudioVersion = 10.0.40219.1
Project("{9A19103F-16F7-4668-BE54-9A1E7A4F7556}") = "WeatherForecast.Api", "WeatherForecast.Api\WeatherForecast.Api.csproj", "{E53A111F-5A28-4201-A93A-FE091C7C5FFF}"
EndProject
Project("{9A19103F-16F7-4668-BE54-9A1E7A4F7556}") = "WeatherForecast.Service", "WeatherForecast.Service\WeatherForecast.Service.csproj", "{899021D2-EBB3-482A-A07D-321E52162376}"
EndProject
Project("{FAE04EC0-301F-11D3-BF4B-00C04F79EFBC}") = "WeatherForecast.Messages", "WeatherForecast.Messages\WeatherForecast.Messages.csproj", "{7ED06D4F-F1FA-4762-834F-34F34476CB08}"
EndProject
Global
	GlobalSection(SolutionConfigurationPlatforms) = preSolution
		Debug|Any CPU = Debug|Any CPU
		Release|Any CPU = Release|Any CPU
	EndGlobalSection
	GlobalSection(ProjectConfigurationPlatforms) = postSolution
		{E53A111F-5A28-4201-A93A-FE091C7C5FFF}.Debug|Any CPU.ActiveCfg = Debug|Any CPU
		{E53A111F-5A28-4201-A93A-FE091C7C5FFF}.Debug|Any CPU.Build.0 = Debug|Any CPU
		{E53A111F-5A28-4201-A93A-FE091C7C5FFF}.Release|Any CPU.ActiveCfg = Release|Any CPU
		{E53A111F-5A28-4201-A93A-FE091C7C5FFF}.Release|Any CPU.Build.0 = Release|Any CPU
		{899021D2-EBB3-482A-A07D-321E52162376}.Debug|Any CPU.ActiveCfg = Debug|Any CPU
		{899021D2-EBB3-482A-A07D-321E52162376}.Debug|Any CPU.Build.0 = Debug|Any CPU
		{899021D2-EBB3-482A-A07D-321E52162376}.Release|Any CPU.ActiveCfg = Release|Any CPU
		{899021D2-EBB3-482A-A07D-321E52162376}.Release|Any CPU.Build.0 = Release|Any CPU
		{7ED06D4F-F1FA-4762-834F-34F34476CB08}.Debug|Any CPU.ActiveCfg = Debug|Any CPU
		{7ED06D4F-F1FA-4762-834F-34F34476CB08}.Debug|Any CPU.Build.0 = Debug|Any CPU
		{7ED06D4F-F1FA-4762-834F-34F34476CB08}.Release|Any CPU.ActiveCfg = Release|Any CPU
		{7ED06D4F-F1FA-4762-834F-34F34476CB08}.Release|Any CPU.Build.0 = Release|Any CPU
	EndGlobalSection
	GlobalSection(SolutionProperties) = preSolution
		HideSolutionNode = FALSE
	EndGlobalSection
	GlobalSection(ExtensibilityGlobals) = postSolution
		SolutionGuid = {018B7161-B269-4FB2-A398-EAAE55CE1375}
	EndGlobalSection
EndGlobal
