
Microsoft Visual Studio Solution File, Format Version 12.00
# Visual Studio Version 17
VisualStudioVersion = 17.5.33627.172
MinimumVisualStudioVersion = 10.0.40219.1
Project("{9A19103F-16F7-4668-BE54-9A1E7A4F7556}") = "lambda-powertools-tracing", "lambda-powertools-tracing\lambda-powertools-tracing.csproj", "{950A6EAC-0607-46C6-9612-BDCA0B1BC3FA}"
EndProject
Project("{9A19103F-16F7-4668-BE54-9A1E7A4F7556}") = "lambda-powertools-logging", "lambda-powertools-logging\src\lambda-powertools-logging\lambda-powertools-logging.csproj", "{87CCD50C-6E38-4D26-9851-56917EBF7358}"
EndProject
Project("{FAE04EC0-301F-11D3-BF4B-00C04F79EFBC}") = "lambda-powertools-metrics", "lambda-powertools-metrics\src\lambda-powertools-metrics\lambda-powertools-metrics.csproj", "{07018CA1-8331-4736-AEDE-6C62CB71EC09}"
EndProject
Global
	GlobalSection(SolutionConfigurationPlatforms) = preSolution
		Debug|Any CPU = Debug|Any CPU
		Release|Any CPU = Release|Any CPU
	EndGlobalSection
	GlobalSection(ProjectConfigurationPlatforms) = postSolution
		{950A6EAC-0607-46C6-9612-BDCA0B1BC3FA}.Debug|Any CPU.ActiveCfg = Debug|Any CPU
		{950A6EAC-0607-46C6-9612-BDCA0B1BC3FA}.Debug|Any CPU.Build.0 = Debug|Any CPU
		{950A6EAC-0607-46C6-9612-BDCA0B1BC3FA}.Release|Any CPU.ActiveCfg = Release|Any CPU
		{950A6EAC-0607-46C6-9612-BDCA0B1BC3FA}.Release|Any CPU.Build.0 = Release|Any CPU
		{87CCD50C-6E38-4D26-9851-56917EBF7358}.Debug|Any CPU.ActiveCfg = Debug|Any CPU
		{87CCD50C-6E38-4D26-9851-56917EBF7358}.Debug|Any CPU.Build.0 = Debug|Any CPU
		{87CCD50C-6E38-4D26-9851-56917EBF7358}.Release|Any CPU.ActiveCfg = Release|Any CPU
		{87CCD50C-6E38-4D26-9851-56917EBF7358}.Release|Any CPU.Build.0 = Release|Any CPU
		{07018CA1-8331-4736-AEDE-6C62CB71EC09}.Debug|Any CPU.ActiveCfg = Debug|Any CPU
		{07018CA1-8331-4736-AEDE-6C62CB71EC09}.Debug|Any CPU.Build.0 = Debug|Any CPU
		{07018CA1-8331-4736-AEDE-6C62CB71EC09}.Release|Any CPU.ActiveCfg = Release|Any CPU
		{07018CA1-8331-4736-AEDE-6C62CB71EC09}.Release|Any CPU.Build.0 = Release|Any CPU
	EndGlobalSection
	GlobalSection(SolutionProperties) = preSolution
		HideSolutionNode = FALSE
	EndGlobalSection
	GlobalSection(ExtensibilityGlobals) = postSolution
		SolutionGuid = {32286D10-064F-4FA2-86D2-787B86287427}
	EndGlobalSection
EndGlobal
