
Microsoft Visual Studio Solution File, Format Version 12.00
# Visual Studio Version 17
VisualStudioVersion = 17.5.33627.172
MinimumVisualStudioVersion = 10.0.40219.1
Project("{9A19103F-16F7-4668-BE54-9A1E7A4F7556}") = "lambda-schedule", "lambda-schedule\lambda-schedule.csproj", "{259F4450-8028-4A40-9D93-D61D75BA9ACC}"
EndProject
Global
	GlobalSection(SolutionConfigurationPlatforms) = preSolution
		Debug|Any CPU = Debug|Any CPU
		Release|Any CPU = Release|Any CPU
	EndGlobalSection
	GlobalSection(ProjectConfigurationPlatforms) = postSolution
		{259F4450-8028-4A40-9D93-D61D75BA9ACC}.Debug|Any CPU.ActiveCfg = Debug|Any CPU
		{259F4450-8028-4A40-9D93-D61D75BA9ACC}.Debug|Any CPU.Build.0 = Debug|Any CPU
		{259F4450-8028-4A40-9D93-D61D75BA9ACC}.Release|Any CPU.ActiveCfg = Release|Any CPU
		{259F4450-8028-4A40-9D93-D61D75BA9ACC}.Release|Any CPU.Build.0 = Release|Any CPU
	EndGlobalSection
	GlobalSection(SolutionProperties) = preSolution
		HideSolutionNode = FALSE
	EndGlobalSection
	GlobalSection(ExtensibilityGlobals) = postSolution
		SolutionGuid = {2DEDEFE9-341C-4778-AA20-460F01AD734C}
	EndGlobalSection
EndGlobal
