
Microsoft Visual Studio Solution File, Format Version 12.00
# Visual Studio Version 17
VisualStudioVersion = 17.0.31903.59
MinimumVisualStudioVersion = 10.0.40219.1
Project("{FAE04EC0-301F-11D3-BF4B-00C04F79EFBC}") = "aws-sqs", "aws-sqs\aws-sqs.csproj", "{28F161E1-5866-4A16-8298-12F384C2805C}"
EndProject
Global
	GlobalSection(SolutionConfigurationPlatforms) = preSolution
		Debug|Any CPU = Debug|Any CPU
		Release|Any CPU = Release|Any CPU
	EndGlobalSection
	GlobalSection(ProjectConfigurationPlatforms) = postSolution
		{28F161E1-5866-4A16-8298-12F384C2805C}.Debug|Any CPU.ActiveCfg = Debug|Any CPU
		{28F161E1-5866-4A16-8298-12F384C2805C}.Debug|Any CPU.Build.0 = Debug|Any CPU
		{28F161E1-5866-4A16-8298-12F384C2805C}.Release|Any CPU.ActiveCfg = Release|Any CPU
		{28F161E1-5866-4A16-8298-12F384C2805C}.Release|Any CPU.Build.0 = Release|Any CPU
	EndGlobalSection
	GlobalSection(SolutionProperties) = preSolution
		HideSolutionNode = FALSE
	EndGlobalSection
	GlobalSection(ExtensibilityGlobals) = postSolution
		SolutionGuid = {5E5B696B-7EF5-429B-BF21-798E829C79D0}
	EndGlobalSection
EndGlobal
